
Microsoft Visual Studio Solution File, Format Version 12.00
# Visual Studio Version 17
VisualStudioVersion = 17.6.33723.286
MinimumVisualStudioVersion = 10.0.40219.1
Project("{FAE04EC0-301F-11D3-BF4B-00C04F79EFBC}") = "SnowyMountain", "SnowyMountain\SnowyMountain.csproj", "{8B2EFE02-57BB-4159-A192-26F59C0CA342}"
EndProject
Global
	GlobalSection(SolutionConfigurationPlatforms) = preSolution
		Debug|Any CPU = Debug|Any CPU
		Release|Any CPU = Release|Any CPU
	EndGlobalSection
	GlobalSection(ProjectConfigurationPlatforms) = postSolution
		{8B2EFE02-57BB-4159-A192-26F59C0CA342}.Debug|Any CPU.ActiveCfg = Debug|Any CPU
		{8B2EFE02-57BB-4159-A192-26F59C0CA342}.Debug|Any CPU.Build.0 = Debug|Any CPU
		{8B2EFE02-57BB-4159-A192-26F59C0CA342}.Release|Any CPU.ActiveCfg = Release|Any CPU
		{8B2EFE02-57BB-4159-A192-26F59C0CA342}.Release|Any CPU.Build.0 = Release|Any CPU
	EndGlobalSection
	GlobalSection(SolutionProperties) = preSolution
		HideSolutionNode = FALSE
	EndGlobalSection
	GlobalSection(ExtensibilityGlobals) = postSolution
		SolutionGuid = {D5BFD14F-B117-42D5-B4FB-E8DA155368E2}
	EndGlobalSection
EndGlobal
